{
  "projects": [
    {
      "projectId": "seaQhLVS4bbjiGvJJrRwyL",
      "version": "15.0.3",
      "dependencies": {},
      "lang": "js",
      "fileLocks": [
        {
          "assetId": "seaQhLVS4bbjiGvJJrRwyL",
          "type": "projectCss",
          "checksum": "8b140f54acb9f4aedf0b769d566851ea"
        }
      ],
      "codegenVersion": "0.0.1"
    },
    {
      "projectId": "pgAR3D4uAdvnkKcV9w1BHJ",
      "version": "latest",
      "dependencies": {
        "seaQhLVS4bbjiGvJJrRwyL": "15.0.3"
      },
      "lang": "js",
      "fileLocks": [
        {
          "type": "globalVariant",
          "assetId": "RO01UftylU04",
          "checksum": "d19ec53665bc5e921d2aecc8288b0730"
        },
        {
          "type": "renderModule",
          "assetId": "WLyyECgCI0YN",
          "checksum": "435c4168be6533989f363ac8deef7d92"
        },
        {
          "type": "cssRules",
          "assetId": "WLyyECgCI0YN",
          "checksum": "435c4168be6533989f363ac8deef7d92"
        },
        {
          "type": "renderModule",
          "assetId": "yKZqICPhTSwa",
          "checksum": "0a4d75962d568ecc9cf9bc19e4d776f8"
        },
        {
          "type": "cssRules",
          "assetId": "yKZqICPhTSwa",
          "checksum": "0a4d75962d568ecc9cf9bc19e4d776f8"
        },
        {
          "type": "renderModule",
          "assetId": "Kbpd9C9jD6Eq",
          "checksum": "83d093c93ec9f0f1331243aae3797891"
        },
        {
          "type": "cssRules",
          "assetId": "Kbpd9C9jD6Eq",
          "checksum": "83d093c93ec9f0f1331243aae3797891"
        },
        {
          "type": "renderModule",
          "assetId": "oXRf0ty_FcBg",
          "checksum": "44cffffe390f86712b36e94b03ef322f"
        },
        {
          "type": "cssRules",
          "assetId": "oXRf0ty_FcBg",
          "checksum": "44cffffe390f86712b36e94b03ef322f"
        },
        {
          "type": "renderModule",
          "assetId": "YlTaNldxuP2l",
          "checksum": "9cef57bd93ff155619540c20acd94529"
        },
        {
          "type": "cssRules",
          "assetId": "YlTaNldxuP2l",
          "checksum": "9cef57bd93ff155619540c20acd94529"
        },
        {
          "type": "renderModule",
          "assetId": "XE63fghuj-fY",
          "checksum": "47ff81ed63810d103ed26359ef7a24fe"
        },
        {
          "type": "cssRules",
          "assetId": "XE63fghuj-fY",
          "checksum": "47ff81ed63810d103ed26359ef7a24fe"
        },
        {
          "type": "renderModule",
          "assetId": "UFeAGLJhjQ50",
          "checksum": "33ecfb9b91d38751d8852c894774fd08"
        },
        {
          "type": "cssRules",
          "assetId": "UFeAGLJhjQ50",
          "checksum": "33ecfb9b91d38751d8852c894774fd08"
        },
        {
          "type": "renderModule",
          "assetId": "3bQHjstOZJLz",
          "checksum": "aa8bf48f3fea62a618e8bdb107317b11"
        },
        {
          "type": "cssRules",
          "assetId": "3bQHjstOZJLz",
          "checksum": "aa8bf48f3fea62a618e8bdb107317b11"
        },
        {
          "type": "renderModule",
          "assetId": "DqTnFbm3d0_d",
          "checksum": "de3f5e04f6f35de8119b92b252f4005a"
        },
        {
          "type": "cssRules",
          "assetId": "DqTnFbm3d0_d",
          "checksum": "de3f5e04f6f35de8119b92b252f4005a"
        },
        {
          "type": "renderModule",
          "assetId": "AW2BIdMewFYO",
          "checksum": "bd4bfb0bcd9240070987c7aa21129138"
        },
        {
          "type": "cssRules",
          "assetId": "AW2BIdMewFYO",
          "checksum": "bd4bfb0bcd9240070987c7aa21129138"
        },
        {
          "type": "renderModule",
          "assetId": "i40N1NiJYt6d",
          "checksum": "59810ff21fd9bdc97908d66a0623d145"
        },
        {
          "type": "cssRules",
          "assetId": "i40N1NiJYt6d",
          "checksum": "59810ff21fd9bdc97908d66a0623d145"
        },
        {
          "type": "renderModule",
          "assetId": "bEdJB-QHN3Nz",
          "checksum": "ded53d30a425e6a0ceb8519b43c5611b"
        },
        {
          "type": "cssRules",
          "assetId": "bEdJB-QHN3Nz",
          "checksum": "ded53d30a425e6a0ceb8519b43c5611b"
        },
        {
          "type": "renderModule",
          "assetId": "mw6DUbdTDM6Q",
          "checksum": "bc92a837adacbd5401cb8bfe8c772e37"
        },
        {
          "type": "cssRules",
          "assetId": "mw6DUbdTDM6Q",
          "checksum": "bc92a837adacbd5401cb8bfe8c772e37"
        },
        {
          "type": "renderModule",
          "assetId": "bLP0PzDW5lxJ",
          "checksum": "e69214abcb96390a90ec98ee33fed7a2"
        },
        {
          "type": "cssRules",
          "assetId": "bLP0PzDW5lxJ",
          "checksum": "e69214abcb96390a90ec98ee33fed7a2"
        },
        {
          "type": "renderModule",
          "assetId": "NsM6vKP3yYQq",
          "checksum": "045207017b8e64aeca4d9527a344d01c"
        },
        {
          "type": "cssRules",
          "assetId": "NsM6vKP3yYQq",
          "checksum": "045207017b8e64aeca4d9527a344d01c"
        },
        {
          "type": "renderModule",
          "assetId": "tgtNFqUlQdMk",
          "checksum": "ad6211ab60941dc798e037adddaa76de"
        },
        {
          "type": "cssRules",
          "assetId": "tgtNFqUlQdMk",
          "checksum": "ad6211ab60941dc798e037adddaa76de"
        },
        {
          "type": "renderModule",
          "assetId": "BMOwZhaJYxua",
          "checksum": "63c034836650941f182b4851ba073767"
        },
        {
          "type": "cssRules",
          "assetId": "BMOwZhaJYxua",
          "checksum": "63c034836650941f182b4851ba073767"
        },
        {
          "type": "icon",
          "assetId": "M2S4pLY-EPf7",
          "checksum": "a7da42da937d2d905406022808bed925"
        },
        {
          "type": "icon",
          "assetId": "zrUWgcpEF217",
          "checksum": "75141b10e28e53920cee209f9979a995"
        },
        {
          "type": "icon",
          "assetId": "2b4u4Mb4BWsT",
          "checksum": "41210425a5eff5c103ac277a4fe64304"
        },
        {
          "type": "icon",
          "assetId": "TeHOS7-qsZRZ",
          "checksum": "a971f810cafa47876763a51762eac46a"
        },
        {
          "type": "icon",
          "assetId": "H4jd2ebqXgyI",
          "checksum": "7d8a1ff11410d7c1f0a3244733c530a9"
        },
        {
          "type": "icon",
          "assetId": "ZNWzBjLiWwuR",
          "checksum": "6330a01c79db0d5ca9a36c510dd879cf"
        },
        {
          "type": "icon",
          "assetId": "pbHQ1RIgwE6m",
          "checksum": "581d3631e4dc2e0fb45b60a7aed1bc3b"
        },
        {
          "type": "icon",
          "assetId": "RYv7vwKrCAYs",
          "checksum": "b391355071787799640ffc91d4278507"
        },
        {
          "type": "icon",
          "assetId": "RRvi87cxmDee",
          "checksum": "409b4a4f44a153a2baad031c9ebc83fd"
        },
        {
          "type": "icon",
          "assetId": "Ega4q4Wz4NCJ",
          "checksum": "c5d9f4247650efb75ef7b4aede0b30f6"
        },
        {
          "type": "icon",
          "assetId": "PWpRZCLP3nkB",
          "checksum": "6323b0b521fc63a1afacb470644098cb"
        },
        {
          "type": "icon",
          "assetId": "3d9R2DvJJhNA",
          "checksum": "a5fcc11b6dffef094058af9f4b876f67"
        },
        {
          "type": "icon",
          "assetId": "qmu3kS2Is7dE",
          "checksum": "8c1942d175347210e8f91066756379f3"
        },
        {
          "type": "icon",
          "assetId": "6bjxevrZ2xbg",
          "checksum": "4854973e4cacb28d0f51ef8cbd3827e9"
        },
        {
          "type": "icon",
          "assetId": "67hPFD3UEQDn",
          "checksum": "a540edb528efe75dd900d53e7d0190ef"
        },
        {
          "type": "icon",
          "assetId": "MRWPxWcOlUVO",
          "checksum": "9c63cd2e9e568c526f99da4ff2e50b2b"
        },
        {
          "type": "icon",
          "assetId": "9rlOUP2TU7Tx",
          "checksum": "bbe7f47cab9636ac51b601220162f95b"
        },
        {
          "type": "icon",
          "assetId": "i8rVXxMP2gb4",
          "checksum": "7b8cbf5b13e093e2161658333925e1a9"
        },
        {
          "type": "icon",
          "assetId": "lQv85hzFBAbO",
          "checksum": "3593943cc496342f012801fa56ac8e70"
        },
        {
          "type": "icon",
          "assetId": "G1zMOd__PrRA",
          "checksum": "3cf334002e0e305da2700039d00b3a46"
        },
        {
          "type": "icon",
          "assetId": "AEySiMGTffEc",
          "checksum": "a7cd9865fca7ff3afca0eb8cd3639ea4"
        },
        {
          "type": "icon",
          "assetId": "aHusAjeDqNw3",
          "checksum": "55c8ea6952616b57bd5010b71e4cb5be"
        },
        {
          "type": "image",
          "assetId": "PcDlb7mBTyea",
          "checksum": "49937af212968d8763a2a46b53c61517"
        },
        {
          "type": "image",
          "assetId": "RZ8tBXbAnU1l",
          "checksum": "a83a951092c86f801e87f6d0ef22b2bb"
        },
        {
          "type": "image",
          "assetId": "Kx9VUZaWU-62",
          "checksum": "b104082465de1a14bf0a7d9779bb1c3d"
        },
        {
          "type": "image",
          "assetId": "gNOAaT7a7NHx",
          "checksum": "457799737c61b5862a2f3bdd09a4ca60"
        },
        {
          "assetId": "pgAR3D4uAdvnkKcV9w1BHJ",
          "type": "projectCss",
          "checksum": "99189f18a845278352aec9a7e6454361"
        }
      ],
      "codegenVersion": "0.0.1"
    }
  ],
  "cliVersion": "0.1.327"
}
